// !$*UTF8*$!
{
	archiveVersion = 1;
	classes = {
	};
	objectVersion = 46;
	objects = {

/* Begin PBXBuildFile section */
		969E3D281AD06A5900890487 /* main.m in Sources */ = {isa = PBXBuildFile; fileRef = 969E3D271AD06A5900890487 /* main.m */; };
		969E3D2B1AD06A5900890487 /* AppDelegate.m in Sources */ = {isa = PBXBuildFile; fileRef = 969E3D2A1AD06A5900890487 /* AppDelegate.m */; };
		969E3D2E1AD06A5900890487 /* ViewController.m in Sources */ = {isa = PBXBuildFile; fileRef = 969E3D2D1AD06A5900890487 /* ViewController.m */; };
		969E3D311AD06A5900890487 /* Main.storyboard in Resources */ = {isa = PBXBuildFile; fileRef = 969E3D2F1AD06A5900890487 /* Main.storyboard */; };
		969E3D331AD06A5900890487 /* Images.xcassets in Resources */ = {isa = PBXBuildFile; fileRef = 969E3D321AD06A5900890487 /* Images.xcassets */; };
		969E3D361AD06A5900890487 /* LaunchScreen.xib in Resources */ = {isa = PBXBuildFile; fileRef = 969E3D341AD06A5900890487 /* LaunchScreen.xib */; };
		969E3D421AD06A5900890487 /* ToDoListTests.m in Sources */ = {isa = PBXBuildFile; fileRef = 969E3D411AD06A5900890487 /* ToDoListTests.m */; };
/* End PBXBuildFile section */

/* Begin PBXContainerItemProxy section */
		969E3D3C1AD06A5900890487 /* PBXContainerItemProxy */ = {
			isa = PBXContainerItemProxy;
			containerPortal = 969E3D1A1AD06A5900890487 /* Project object */;
			proxyType = 1;
			remoteGlobalIDString = 969E3D211AD06A5900890487;
			remoteInfo = ToDoList;
		};
/* End PBXContainerItemProxy section */

/* Begin PBXFileReference section */
		969E3D221AD06A5900890487 /* ToDoList.app */ = {isa = PBXFileReference; explicitFileType = wrapper.application; includeInIndex = 0; path = ToDoList.app; sourceTree = BUILT_PRODUCTS_DIR; };
		969E3D261AD06A5900890487 /* Info.plist */ = {isa = PBXFileReference; lastKnownFileType = text.plist.xml; path = Info.plist; sourceTree = "<group>"; };
		969E3D271AD06A5900890487 /* main.m */ = {isa = PBXFileReference; lastKnownFileType = sourcecode.c.objc; path = main.m; sourceTree = "<group>"; };
		969E3D291AD06A5900890487 /* AppDelegate.h */ = {isa = PBXFileReference; lastKnownFileType = sourcecode.c.h; path = AppDelegate.h; sourceTree = "<group>"; };
		969E3D2A1AD06A5900890487 /* AppDelegate.m */ = {isa = PBXFileReference; lastKnownFileType = sourcecode.c.objc; path = AppDelegate.m; sourceTree = "<group>"; };
		969E3D2C1AD06A5900890487 /* ViewController.h */ = {isa = PBXFileReference; lastKnownFileType = sourcecode.c.h; path = ViewController.h; sourceTree = "<group>"; };
		969E3D2D1AD06A5900890487 /* ViewController.m */ = {isa = PBXFileReference; lastKnownFileType = sourcecode.c.objc; path = ViewController.m; sourceTree = "<group>"; };
		969E3D301AD06A5900890487 /* Base */ = {isa = PBXFileReference; lastKnownFileType = file.storyboard; name = Base; path = Base.lproj/Main.storyboard; sourceTree = "<group>"; };
		969E3D321AD06A5900890487 /* Images.xcassets */ = {isa = PBXFileReference; lastKnownFileType = folder.assetcatalog; path = Images.xcassets; sourceTree = "<group>"; };
		969E3D351AD06A5900890487 /* Base */ = {isa = PBXFileReference; lastKnownFileType = file.xib; name = Base; path = Base.lproj/LaunchScreen.xib; sourceTree = "<group>"; };
		969E3D3B1AD06A5900890487 /* ToDoListTests.xctest */ = {isa = PBXFileReference; explicitFileType = wrapper.cfbundle; includeInIndex = 0; path = ToDoListTests.xctest; sourceTree = BUILT_PRODUCTS_DIR; };
		969E3D401AD06A5900890487 /* Info.plist */ = {isa = PBXFileReference; lastKnownFileType = text.plist.xml; path = Info.plist; sourceTree = "<group>"; };
		969E3D411AD06A5900890487 /* ToDoListTests.m */ = {isa = PBXFileReference; lastKnownFileType = sourcecode.c.objc; path = ToDoListTests.m; sourceTree = "<group>"; };
/* End PBXFileReference section */

/* Begin PBXFrameworksBuildPhase section */
		969E3D1F1AD06A5900890487 /* Frameworks */ = {
			isa = PBXFrameworksBuildPhase;
			buildActionMask = 2147483647;
			files = (
			);
			runOnlyForDeploymentPostprocessing = 0;
		};
		969E3D381AD06A5900890487 /* Frameworks */ = {
			isa = PBXFrameworksBuildPhase;
			buildActionMask = 2147483647;
			files = (
			);
			runOnlyForDeploymentPostprocessing = 0;
		};
/* End PBXFrameworksBuildPhase section */

/* Begin PBXGroup section */
		969E3D191AD06A5900890487 = {
			isa = PBXGroup;
			children = (
				969E3D241AD06A5900890487 /* ToDoList */,
				969E3D3E1AD06A5900890487 /* ToDoListTests */,
				969E3D231AD06A5900890487 /* Products */,
			);
			sourceTree = "<group>";
		};
		969E3D231AD06A5900890487 /* Products */ = {
			isa = PBXGroup;
			children = (
				969E3D221AD06A5900890487 /* ToDoList.app */,
				969E3D3B1AD06A5900890487 /* ToDoListTests.xctest */,
			);
			name = Products;
			sourceTree = "<group>";
		};
		969E3D241AD06A5900890487 /* ToDoList */ = {
			isa = PBXGroup;
			children = (
				969E3D291AD06A5900890487 /* AppDelegate.h */,
				969E3D2A1AD06A5900890487 /* AppDelegate.m */,
				969E3D2C1AD06A5900890487 /* ViewController.h */,
				969E3D2D1AD06A5900890487 /* ViewController.m */,
				969E3D2F1AD06A5900890487 /* Main.storyboard */,
				969E3D321AD06A5900890487 /* Images.xcassets */,
				969E3D341AD06A5900890487 /* LaunchScreen.xib */,
				969E3D251AD06A5900890487 /* Supporting Files */,
			);
			path = ToDoList;
			sourceTree = "<group>";
		};
		969E3D251AD06A5900890487 /* Supporting Files */ = {
			isa = PBXGroup;
			children = (
				969E3D261AD06A5900890487 /* Info.plist */,
				969E3D271AD06A5900890487 /* main.m */,
			);
			name = "Supporting Files";
			sourceTree = "<group>";
		};
		969E3D3E1AD06A5900890487 /* ToDoListTests */ = {
			isa = PBXGroup;
			children = (
				969E3D411AD06A5900890487 /* ToDoListTests.m */,
				969E3D3F1AD06A5900890487 /* Supporting Files */,
			);
			path = ToDoListTests;
			sourceTree = "<group>";
		};
		969E3D3F1AD06A5900890487 /* Supporting Files */ = {
			isa = PBXGroup;
			children = (
				969E3D401AD06A5900890487 /* Info.plist */,
			);
			name = "Supporting Files";
			sourceTree = "<group>";
		};
/* End PBXGroup section */

/* Begin PBXNativeTarget section */
		969E3D211AD06A5900890487 /* ToDoList */ = {
			isa = PBXNativeTarget;
			buildConfigurationList = 969E3D451AD06A5900890487 /* Build configuration list for PBXNativeTarget "ToDoList" */;
			buildPhases = (
				969E3D1E1AD06A5900890487 /* Sources */,
				969E3D1F1AD06A5900890487 /* Frameworks */,
				969E3D201AD06A5900890487 /* Resources */,
			);
			buildRules = (
			);
			dependencies = (
			);
			name = ToDoList;
			productName = ToDoList;
			productReference = 969E3D221AD06A5900890487 /* ToDoList.app */;
			productType = "com.apple.product-type.application";
		};
		969E3D3A1AD06A5900890487 /* ToDoListTests */ = {
			isa = PBXNativeTarget;
			buildConfigurationList = 969E3D481AD06A5900890487 /* Build configuration list for PBXNativeTarget "ToDoListTests" */;
			buildPhases = (
				969E3D371AD06A5900890487 /* Sources */,
				969E3D381AD06A5900890487 /* Frameworks */,
				969E3D391AD06A5900890487 /* Resources */,
			);
			buildRules = (
			);
			dependencies = (
				969E3D3D1AD06A5900890487 /* PBXTargetDependency */,
			);
			name = ToDoListTests;
			productName = ToDoListTests;
			productReference = 969E3D3B1AD06A5900890487 /* ToDoListTests.xctest */;
			productType = "com.apple.product-type.bundle.unit-test";
		};
/* End PBXNativeTarget section */

/* Begin PBXProject section */
		969E3D1A1AD06A5900890487 /* Project object */ = {
			isa = PBXProject;
			attributes = {
				LastUpgradeCheck = 0620;
				ORGANIZATIONNAME = "Manuel Zambrano";
				TargetAttributes = {
					969E3D211AD06A5900890487 = {
						CreatedOnToolsVersion = 6.2;
					};
					969E3D3A1AD06A5900890487 = {
						CreatedOnToolsVersion = 6.2;
						TestTargetID = 969E3D211AD06A5900890487;
					};
				};
			};
			buildConfigurationList = 969E3D1D1AD06A5900890487 /* Build configuration list for PBXProject "ToDoList" */;
			compatibilityVersion = "Xcode 3.2";
			developmentRegion = English;
			hasScannedForEncodings = 0;
			knownRegions = (
				en,
				Base,
			);
			mainGroup = 969E3D191AD06A5900890487;
			productRefGroup = 969E3D231AD06A5900890487 /* Products */;
			projectDirPath = "";
			projectRoot = "";
			targets = (
				969E3D211AD06A5900890487 /* ToDoList */,
				969E3D3A1AD06A5900890487 /* ToDoListTests */,
			);
		};
/* End PBXProject section */

/* Begin PBXResourcesBuildPhase section */
		969E3D201AD06A5900890487 /* Resources */ = {
			isa = PBXResourcesBuildPhase;
			buildActionMask = 2147483647;
			files = (
				969E3D311AD06A5900890487 /* Main.storyboard in Resources */,
				969E3D361AD06A5900890487 /* LaunchScreen.xib in Resources */,
				969E3D331AD06A5900890487 /* Images.xcassets in Resources */,
			);
			runOnlyForDeploymentPostprocessing = 0;
		};
		969E3D391AD06A5900890487 /* Resources */ = {
			isa = PBXResourcesBuildPhase;
			buildActionMask = 2147483647;
			files = (
			);
			runOnlyForDeploymentPostprocessing = 0;
		};
/* End PBXResourcesBuildPhase section */

/* Begin PBXSourcesBuildPhase section */
		969E3D1E1AD06A5900890487 /* Sources */ = {
			isa = PBXSourcesBuildPhase;
			buildActionMask = 2147483647;
			files = (
				969E3D2E1AD06A5900890487 /* ViewController.m in Sources */,
				969E3D2B1AD06A5900890487 /* AppDelegate.m in Sources */,
				969E3D281AD06A5900890487 /* main.m in Sources */,
			);
			runOnlyForDeploymentPostprocessing = 0;
		};
		969E3D371AD06A5900890487 /* Sources */ = {
			isa = PBXSourcesBuildPhase;
			buildActionMask = 2147483647;
			files = (
				969E3D421AD06A5900890487 /* ToDoListTests.m in Sources */,
			);
			runOnlyForDeploymentPostprocessing = 0;
		};
/* End PBXSourcesBuildPhase section */

/* Begin PBXTargetDependency section */
		969E3D3D1AD06A5900890487 /* PBXTargetDependency */ = {
			isa = PBXTargetDependency;
			target = 969E3D211AD06A5900890487 /* ToDoList */;
			targetProxy = 969E3D3C1AD06A5900890487 /* PBXContainerItemProxy */;
		};
/* End PBXTargetDependency section */

/* Begin PBXVariantGroup section */
		969E3D2F1AD06A5900890487 /* Main.storyboard */ = {
			isa = PBXVariantGroup;
			children = (
				969E3D301AD06A5900890487 /* Base */,
			);
			name = Main.storyboard;
			sourceTree = "<group>";
		};
		969E3D341AD06A5900890487 /* LaunchScreen.xib */ = {
			isa = PBXVariantGroup;
			children = (
				969E3D351AD06A5900890487 /* Base */,
			);
			name = LaunchScreen.xib;
			sourceTree = "<group>";
		};
/* End PBXVariantGroup section */

/* Begin XCBuildConfiguration section */
		969E3D431AD06A5900890487 /* Debug */ = {
			isa = XCBuildConfiguration;
			buildSettings = {
				ALWAYS_SEARCH_USER_PATHS = NO;
				CLANG_CXX_LANGUAGE_STANDARD = "gnu++0x";
				CLANG_CXX_LIBRARY = "libc++";
				CLANG_ENABLE_MODULES = YES;
				CLANG_ENABLE_OBJC_ARC = YES;
				CLANG_WARN_BOOL_CONVERSION = YES;
				CLANG_WARN_CONSTANT_CONVERSION = YES;
				CLANG_WARN_DIRECT_OBJC_ISA_USAGE = YES_ERROR;
				CLANG_WARN_EMPTY_BODY = YES;
				CLANG_WARN_ENUM_CONVERSION = YES;
				CLANG_WARN_INT_CONVERSION = YES;
				CLANG_WARN_OBJC_ROOT_CLASS = YES_ERROR;
				CLANG_WARN_UNREACHABLE_CODE = YES;
				CLANG_WARN__DUPLICATE_METHOD_MATCH = YES;
				"CODE_SIGN_IDENTITY[sdk=iphoneos*]" = "iPhone Developer";
				COPY_PHASE_STRIP = NO;
				ENABLE_STRICT_OBJC_MSGSEND = YES;
				GCC_C_LANGUAGE_STANDARD = gnu99;
				GCC_DYNAMIC_NO_PIC = NO;
				GCC_OPTIMIZATION_LEVEL = 0;
				GCC_PREPROCESSOR_DEFINITIONS = (
					"DEBUG=1",
					"$(inherited)",
				);
				GCC_SYMBOLS_PRIVATE_EXTERN = NO;
				GCC_WARN_64_TO_32_BIT_CONVERSION = YES;
				GCC_WARN_ABOUT_RETURN_TYPE = YES_ERROR;
				GCC_WARN_UNDECLARED_SELECTOR = YES;
				GCC_WARN_UNINITIALIZED_AUTOS = YES_AGGRESSIVE;
				GCC_WARN_UNUSED_FUNCTION = YES;
				GCC_WARN_UNUSED_VARIABLE = YES;
				IPHONEOS_DEPLOYMENT_TARGET = 8.2;
				MTL_ENABLE_DEBUG_INFO = YES;
				ONLY_ACTIVE_ARCH = YES;
				SDKROOT = iphoneos;
				TARGETED_DEVICE_FAMILY = "1,2";
			};
			name = Debug;
		};
		969E3D441AD06A5900890487 /* Release */ = {
			isa = XCBuildConfiguration;
			buildSettings = {
				ALWAYS_SEARCH_USER_PATHS = NO;
				CLANG_CXX_LANGUAGE_STANDARD = "gnu++0x";
				CLANG_CXX_LIBRARY = "libc++";
				CLANG_ENABLE_MODULES = YES;
				CLANG_ENABLE_OBJC_ARC = YES;
				CLANG_WARN_BOOL_CONVERSION = YES;
				CLANG_WARN_CONSTANT_CONVERSION = YES;
				CLANG_WARN_DIRECT_OBJC_ISA_USAGE = YES_ERROR;
				CLANG_WARN_EMPTY_BODY = YES;
				CLANG_WARN_ENUM_CONVERSION = YES;
				CLANG_WARN_INT_CONVERSION = YES;
				CLANG_WARN_OBJC_ROOT_CLASS = YES_ERROR;
				CLANG_WARN_UNREACHABLE_CODE = YES;
				CLANG_WARN__DUPLICATE_METHOD_MATCH = YES;
				"CODE_SIGN_IDENTITY[sdk=iphoneos*]" = "iPhone Developer";
				COPY_PHASE_STRIP = NO;
				ENABLE_NS_ASSERTIONS = NO;
				ENABLE_STRICT_OBJC_MSGSEND = YES;
				GCC_C_LANGUAGE_STANDARD = gnu99;
				GCC_WARN_64_TO_32_BIT_CONVERSION = YES;
				GCC_WARN_ABOUT_RETURN_TYPE = YES_ERROR;
				GCC_WARN_UNDECLARED_SELECTOR = YES;
				GCC_WARN_UNINITIALIZED_AUTOS = YES_AGGRESSIVE;
				GCC_WARN_UNUSED_FUNCTION = YES;
				GCC_WARN_UNUSED_VARIABLE = YES;
				IPHONEOS_DEPLOYMENT_TARGET = 8.2;
				MTL_ENABLE_DEBUG_INFO = NO;
				SDKROOT = iphoneos;
				TARGETED_DEVICE_FAMILY = "1,2";
				VALIDATE_PRODUCT = YES;
			};
			name = Release;
		};
		969E3D461AD06A5900890487 /* Debug */ = {
			isa = XCBuildConfiguration;
			buildSettings = {
				ASSETCATALOG_COMPILER_APPICON_NAME = AppIcon;
				INFOPLIST_FILE = ToDoList/Info.plist;
				LD_RUNPATH_SEARCH_PATHS = "$(inherited) @executable_path/Frameworks";
				PRODUCT_NAME = "$(TARGET_NAME)";
			};
			name = Debug;
		};
		969E3D471AD06A5900890487 /* Release */ = {
			isa = XCBuildConfiguration;
			buildSettings = {
				ASSETCATALOG_COMPILER_APPICON_NAME = AppIcon;
				INFOPLIST_FILE = ToDoList/Info.plist;
				LD_RUNPATH_SEARCH_PATHS = "$(inherited) @executable_path/Frameworks";
				PRODUCT_NAME = "$(TARGET_NAME)";
			};
			name = Release;
		};
		969E3D491AD06A5900890487 /* Debug */ = {
			isa = XCBuildConfiguration;
			buildSettings = {
				BUNDLE_LOADER = "$(TEST_HOST)";
				FRAMEWORK_SEARCH_PATHS = (
					"$(SDKROOT)/Developer/Library/Frameworks",
					"$(inherited)",
				);
				GCC_PREPROCESSOR_DEFINITIONS = (
					"DEBUG=1",
					"$(inherited)",
				);
				INFOPLIST_FILE = ToDoListTests/Info.plist;
				LD_RUNPATH_SEARCH_PATHS = "$(inherited) @executable_path/Frameworks @loader_path/Frameworks";
				PRODUCT_NAME = "$(TARGET_NAME)";
				TEST_HOST = "$(BUILT_PRODUCTS_DIR)/ToDoList.app/ToDoList";
			};
			name = Debug;
		};
		969E3D4A1AD06A5900890487 /* Release */ = {
			isa = XCBuildConfiguration;
			buildSettings = {
				BUNDLE_LOADER = "$(TEST_HOST)";
				FRAMEWORK_SEARCH_PATHS = (
					"$(SDKROOT)/Developer/Library/Frameworks",
					"$(inherited)",
				);
				INFOPLIST_FILE = ToDoListTests/Info.plist;
				LD_RUNPATH_SEARCH_PATHS = "$(inherited) @executable_path/Frameworks @loader_path/Frameworks";
				PRODUCT_NAME = "$(TARGET_NAME)";
				TEST_HOST = "$(BUILT_PRODUCTS_DIR)/ToDoList.app/ToDoList";
			};
			name = Release;
		};
/* End XCBuildConfiguration section */

/* Begin XCConfigurationList section */
		969E3D1D1AD06A5900890487 /* Build configuration list for PBXProject "ToDoList" */ = {
			isa = XCConfigurationList;
			buildConfigurations = (
				969E3D431AD06A5900890487 /* Debug */,
				969E3D441AD06A5900890487 /* Release */,
			);
			defaultConfigurationIsVisible = 0;
			defaultConfigurationName = Release;
		};
		969E3D451AD06A5900890487 /* Build configuration list for PBXNativeTarget "ToDoList" */ = {
			isa = XCConfigurationList;
			buildConfigurations = (
				969E3D461AD06A5900890487 /* Debug */,
				969E3D471AD06A5900890487 /* Release */,
			);
			defaultConfigurationIsVisible = 0;
		};
		969E3D481AD06A5900890487 /* Build configuration list for PBXNativeTarget "ToDoListTests" */ = {
			isa = XCConfigurationList;
			buildConfigurations = (
				969E3D491AD06A5900890487 /* Debug */,
				969E3D4A1AD06A5900890487 /* Release */,
			);
			defaultConfigurationIsVisible = 0;
		};
/* End XCConfigurationList section */
	};
	rootObject = 969E3D1A1AD06A5900890487 /* Project object */;
}
